
Microsoft Visual Studio Solution File, Format Version 12.00
# Visual Studio Version 16
VisualStudioVersion = 16.0.31205.134
MinimumVisualStudioVersion = 10.0.40219.1
Project("{FAE04EC0-301F-11D3-BF4B-00C04F79EFBC}") = "CabInvoiceGenerator", "CabInvoiceGenerator\CabInvoiceGenerator.csproj", "{40DF474C-0662-46C6-833D-51EFBD50E7E8}"
EndProject
Project("{FAE04EC0-301F-11D3-BF4B-00C04F79EFBC}") = "CabInvoiceGeneratorTest", "CabInvoiceGeneratorTest\CabInvoiceGeneratorTest.csproj", "{BB9D47C6-A580-40EC-BB94-31E7D6D36ED6}"
EndProject
Global
	GlobalSection(SolutionConfigurationPlatforms) = preSolution
		Debug|Any CPU = Debug|Any CPU
		Release|Any CPU = Release|Any CPU
	EndGlobalSection
	GlobalSection(ProjectConfigurationPlatforms) = postSolution
		{40DF474C-0662-46C6-833D-51EFBD50E7E8}.Debug|Any CPU.ActiveCfg = Debug|Any CPU
		{40DF474C-0662-46C6-833D-51EFBD50E7E8}.Debug|Any CPU.Build.0 = Debug|Any CPU
		{40DF474C-0662-46C6-833D-51EFBD50E7E8}.Release|Any CPU.ActiveCfg = Release|Any CPU
		{40DF474C-0662-46C6-833D-51EFBD50E7E8}.Release|Any CPU.Build.0 = Release|Any CPU
		{BB9D47C6-A580-40EC-BB94-31E7D6D36ED6}.Debug|Any CPU.ActiveCfg = Debug|Any CPU
		{BB9D47C6-A580-40EC-BB94-31E7D6D36ED6}.Debug|Any CPU.Build.0 = Debug|Any CPU
		{BB9D47C6-A580-40EC-BB94-31E7D6D36ED6}.Release|Any CPU.ActiveCfg = Release|Any CPU
		{BB9D47C6-A580-40EC-BB94-31E7D6D36ED6}.Release|Any CPU.Build.0 = Release|Any CPU
	EndGlobalSection
	GlobalSection(SolutionProperties) = preSolution
		HideSolutionNode = FALSE
	EndGlobalSection
	GlobalSection(ExtensibilityGlobals) = postSolution
		SolutionGuid = {7B179311-8742-4447-BE6F-A10C3F454AF9}
	EndGlobalSection
EndGlobal
